
Microsoft Visual Studio Solution File, Format Version 12.00
# Visual Studio Version 17
VisualStudioVersion = 17.4.33103.184
MinimumVisualStudioVersion = 10.0.40219.1
Project("{FAE04EC0-301F-11D3-BF4B-00C04F79EFBC}") = "StreetVendorSimulator", "StreetVendorSimulator\StreetVendorSimulator.csproj", "{A9E3C3B6-3A92-49DD-9838-37CD542BD085}"
EndProject
Global
	GlobalSection(SolutionConfigurationPlatforms) = preSolution
		Debug|Any CPU = Debug|Any CPU
		Release|Any CPU = Release|Any CPU
	EndGlobalSection
	GlobalSection(ProjectConfigurationPlatforms) = postSolution
		{A9E3C3B6-3A92-49DD-9838-37CD542BD085}.Debug|Any CPU.ActiveCfg = Debug|Any CPU
		{A9E3C3B6-3A92-49DD-9838-37CD542BD085}.Debug|Any CPU.Build.0 = Debug|Any CPU
		{A9E3C3B6-3A92-49DD-9838-37CD542BD085}.Release|Any CPU.ActiveCfg = Release|Any CPU
		{A9E3C3B6-3A92-49DD-9838-37CD542BD085}.Release|Any CPU.Build.0 = Release|Any CPU
	EndGlobalSection
	GlobalSection(SolutionProperties) = preSolution
		HideSolutionNode = FALSE
	EndGlobalSection
	GlobalSection(ExtensibilityGlobals) = postSolution
		SolutionGuid = {86366A78-B3AA-4EFD-A8AC-9272BC71A1AC}
	EndGlobalSection
EndGlobal
